
Microsoft Visual Studio Solution File, Format Version 12.00
# Visual Studio Version 16
VisualStudioVersion = 16.0.29806.167
MinimumVisualStudioVersion = 10.0.40219.1
Project("{9A19103F-16F7-4668-BE54-9A1E7A4F7556}") = "FreeMarketApp", "FreeMarketApp\FreeMarketApp.csproj", "{461080B6-C326-4B09-A06B-72080F0AB521}"
EndProject
Project("{2150E333-8FDC-42A3-9474-1A3956D46DE8}") = "BackEnd.BlockChain", "BackEnd.BlockChain", "{A52240B9-9E9E-4768-92E2-35CC7F180F12}"
EndProject
Project("{2150E333-8FDC-42A3-9474-1A3956D46DE8}") = "BackEnd.Server", "BackEnd.Server", "{5EF04D79-24F7-4CD5-845E-0938217976B0}"
EndProject
Project("{9A19103F-16F7-4668-BE54-9A1E7A4F7556}") = "FreeMarketOne.ServerCore", "FreeMarketOne.ServerCore\FreeMarketOne.ServerCore.csproj", "{588A5CBC-CCFC-462B-A7A0-D2B0B9D373A1}"
EndProject
Project("{9A19103F-16F7-4668-BE54-9A1E7A4F7556}") = "FreeMarketOne.Tor", "FreeMarketOne.Tor\FreeMarketOne.Tor.csproj", "{EF5FBA9E-9514-4D3B-939F-117081004883}"
EndProject
Project("{9A19103F-16F7-4668-BE54-9A1E7A4F7556}") = "FreeMarketOne.Extensions", "FreeMarketOne.Extensions\FreeMarketOne.Extensions.csproj", "{718F958C-6ECB-4A97-A972-CBDFD525E33A}"
EndProject
Project("{9A19103F-16F7-4668-BE54-9A1E7A4F7556}") = "FreeMarketOne.P2P", "FreeMarketOne.P2P\FreeMarketOne.P2P.csproj", "{9B1CC5BB-52B5-4AC0-BED2-079E06BDD0F9}"
EndProject
Project("{2150E333-8FDC-42A3-9474-1A3956D46DE8}") = "BackEnd.Market", "BackEnd.Market", "{F60B456D-30AB-4150-82C2-36D8955887D3}"
EndProject
Project("{9A19103F-16F7-4668-BE54-9A1E7A4F7556}") = "FreeMarketOne.DataStructure", "FreeMarketOne.DataStructure\FreeMarketOne.DataStructure.csproj", "{06F65A20-9790-4547-AA8A-6E9F71395B13}"
EndProject
Project("{2150E333-8FDC-42A3-9474-1A3956D46DE8}") = "BackEnd.LibPlanet", "BackEnd.LibPlanet", "{C59FF8D9-20E4-40D3-8159-F8ECC2255A47}"
EndProject
Project("{9A19103F-16F7-4668-BE54-9A1E7A4F7556}") = "Libplanet.Stun", "FreeMarketOne.LibPlanet\Libplanet.Stun\Libplanet.Stun.csproj", "{0EFBC4CE-ACAD-4920-9B79-AB82D1EEC91D}"
EndProject
Project("{9A19103F-16F7-4668-BE54-9A1E7A4F7556}") = "Libplanet.Stun.Tests", "FreeMarketOne.LibPlanet\Libplanet.Stun.Tests\Libplanet.Stun.Tests.csproj", "{F4C2307A-DBF0-4BEB-AB65-61B62D452C7E}"
EndProject
Project("{9A19103F-16F7-4668-BE54-9A1E7A4F7556}") = "Libplanet", "FreeMarketOne.LibPlanet\Libplanet\Libplanet.csproj", "{D40C0E61-04D3-4B0B-8C00-23E37EF10D3C}"
EndProject
Project("{9A19103F-16F7-4668-BE54-9A1E7A4F7556}") = "Libplanet.Benchmarks", "FreeMarketOne.LibPlanet\Libplanet.Benchmarks\Libplanet.Benchmarks.csproj", "{45EB066E-E397-4BFF-A254-06FDF0082524}"
EndProject
Project("{9A19103F-16F7-4668-BE54-9A1E7A4F7556}") = "Libplanet.Tests", "FreeMarketOne.LibPlanet\Libplanet.Tests\Libplanet.Tests.csproj", "{8A218718-C67F-4522-9530-A1EA9A785223}"
EndProject
Project("{9A19103F-16F7-4668-BE54-9A1E7A4F7556}") = "Libplanet.Tools", "FreeMarketOne.LibPlanet\Libplanet.Tools\Libplanet.Tools.csproj", "{ED72C696-0DAA-4A8D-9AD7-D812DCD6BFCC}"
EndProject
Project("{9A19103F-16F7-4668-BE54-9A1E7A4F7556}") = "FreeMarketOne.BlockChain", "FreeMarketOne.BlockChain\FreeMarketOne.BlockChain.csproj", "{5FE59FC5-1A39-4774-943F-46775F486469}"
EndProject
Project("{9A19103F-16F7-4668-BE54-9A1E7A4F7556}") = "FreeMarketOne.GenesisBlock", "FreeMarketOne.GenesisGenerator\FreeMarketOne.GenesisBlock.csproj", "{3A53ABCA-12EF-4EB4-BF79-FF9F7B4EC622}"
EndProject
Project("{9A19103F-16F7-4668-BE54-9A1E7A4F7556}") = "FreeMarketOne.Pools", "FreeMarketOne.Pools\FreeMarketOne.Pools.csproj", "{F9528652-9FCE-4AE8-8E3C-F1CFCCAD144D}"
EndProject
Project("{9A19103F-16F7-4668-BE54-9A1E7A4F7556}") = "FreeMarketOne.Changelly", "FreeMarketOne.Changelly\FreeMarketOne.Changelly\FreeMarketOne.Changelly.csproj", "{4346529F-4CF6-4B6B-AB6E-4EC5257A9C53}"
EndProject
Project("{9A19103F-16F7-4668-BE54-9A1E7A4F7556}") = "FreeMarketOne.Changelly.Test", "FreeMarketOne.Changelly\FreeMarketOne.Changelly.Test\FreeMarketOne.Changelly.Test.csproj", "{F20B960D-2591-4A27-977F-E60DE5E31D73}"
EndProject
Project("{9A19103F-16F7-4668-BE54-9A1E7A4F7556}") = "FreeMarketOne.Telemetry", "FreeMarketOne.Telemetry\FreeMarketOne.Telemetry\FreeMarketOne.Telemetry.csproj", "{D0E33184-A9EF-445F-BCDB-6B8127D95CE3}"
EndProject
Project("{9A19103F-16F7-4668-BE54-9A1E7A4F7556}") = "FreeMarketOne.Telemetry.Test", "FreeMarketOne.Telemetry\FreeMarketOne.Telemetry.Test\FreeMarketOne.Telemetry.Test.csproj", "{D547B084-FB19-49BC-98AD-FC110C91C96A}"
EndProject
Project("{2150E333-8FDC-42A3-9474-1A3956D46DE8}") = "BackEnd.External", "BackEnd.External", "{A794BE5D-399B-4C5F-BB57-1F473B76F5C1}"
EndProject
Project("{9A19103F-16F7-4668-BE54-9A1E7A4F7556}") = "Libplanet.Extensions", "Libplanet.Extensions\Libplanet.Extensions.csproj", "{010B9D2B-4A93-4AA5-AEB2-2A4D35B45287}"
EndProject
Project("{9A19103F-16F7-4668-BE54-9A1E7A4F7556}") = "FreeMarketOne.BlockChain.Test", "FreeMarketOne.BlockChain.Test\FreeMarketOne.BlockChain.Test.csproj", "{DBFD6236-1C6E-44AC-BBDF-B4FC80219DD6}"
EndProject
Project("{930C7802-8A8C-48F9-8165-68863BCCD9DD}") = "FreeMarketOneSetup", "FreeMarketOneSetup\FreeMarketOneSetup.wixproj", "{51DBDA53-361C-4863-ACDA-85E28DF86D70}"
EndProject
Project("{9A19103F-16F7-4668-BE54-9A1E7A4F7556}") = "FreeMarketOne.Skynet", "FreeMarketOne.Skynet\FreeMarketOne.Skynet.csproj", "{8BE56029-EDF0-4886-B863-A9C007C8FAF0}"
EndProject
Project("{9A19103F-16F7-4668-BE54-9A1E7A4F7556}") = "FreeMarketOne.Skynet.Test", "FreeMarketOne.Skynet.Test\FreeMarketOne.Skynet.Test.csproj", "{791648BB-8E82-4826-B8B3-08C5C98661B8}"
EndProject
Project("{9A19103F-16F7-4668-BE54-9A1E7A4F7556}") = "LibPlanet.Extensions.Tests", "LibPlanet.Extensions.Tests\LibPlanet.Extensions.Tests.csproj", "{D67E1448-B769-4D28-BBAB-B067F2E89E03}"
EndProject
Project("{9A19103F-16F7-4668-BE54-9A1E7A4F7556}") = "FreeMarketOne.Search", "FreeMarketOne.Search\FreeMarketOne.Search.csproj", "{995D983D-AE69-45A1-A5B9-91DDFD9558B3}"
EndProject
Project("{9A19103F-16F7-4668-BE54-9A1E7A4F7556}") = "FreeMarketOne.SearchTests", "FreeMarketOne.SearchTests\FreeMarketOne.SearchTests.csproj", "{2E5DBCF9-EDF0-44FE-8C33-2239BDF70D75}"
EndProject
Project("{9A19103F-16F7-4668-BE54-9A1E7A4F7556}") = "FreeMarketOne.ServerCore.Test", "FreeMarketOne.ServerCore.Test\FreeMarketOne.ServerCore.Test.csproj", "{9C51D3A1-A0E5-45F6-8603-CDB44901D7CF}"
EndProject
Project("{9A19103F-16F7-4668-BE54-9A1E7A4F7556}") = "FreeMarketOne.Chats", "FreeMarketOne.Chats\FreeMarketOne.Chats.csproj", "{63A1B82C-ED4A-44EF-9233-3445AE424CB0}"
EndProject
Project("{9A19103F-16F7-4668-BE54-9A1E7A4F7556}") = "FreeMarketOne.Markets", "FreeMarketOne.Markets\FreeMarketOne.Markets.csproj", "{CA228A95-B4AC-47F9-A941-2652F7714658}"
EndProject
Project("{9A19103F-16F7-4668-BE54-9A1E7A4F7556}") = "FreeMarketOne.Users", "FreeMarketOne.Users\FreeMarketOne.Users.csproj", "{BF487161-24E5-4E41-BBD9-468A4234B007}"
EndProject
Project("{9A19103F-16F7-4668-BE54-9A1E7A4F7556}") = "P2PPayloadGenerator", "P2PPayloadGenerator\P2PPayloadGenerator.csproj", "{89D1D431-1DBE-46F9-9859-7CDC9FE29903}"
EndProject
Project("{9A19103F-16F7-4668-BE54-9A1E7A4F7556}") = "ChatTest", "ChatTest\ChatTest.csproj", "{ABFBD50E-FF53-4AF7-86B4-66FB4F0AA18D}"
EndProject
Project("{2150E333-8FDC-42A3-9474-1A3956D46DE8}") = "Solution Items", "Solution Items", "{B4C25E99-49F7-4D43-9E05-E508C33856FD}"
	ProjectSection(SolutionItems) = preProject
		Directory.Build.props = Directory.Build.props
	EndProjectSection
EndProject
Project("{9A19103F-16F7-4668-BE54-9A1E7A4F7556}") = "NetMQ", "netmq\src\NetMQ\NetMQ.csproj", "{4C447EC6-F001-41E8-A7C2-108F9FC40AB8}"
EndProject
Global
	GlobalSection(SolutionConfigurationPlatforms) = preSolution
		Debug|Any CPU = Debug|Any CPU
		Debug|x86 = Debug|x86
		Release|Any CPU = Release|Any CPU
		Release|x86 = Release|x86
	EndGlobalSection
	GlobalSection(ProjectConfigurationPlatforms) = postSolution
		{461080B6-C326-4B09-A06B-72080F0AB521}.Debug|Any CPU.ActiveCfg = Debug|Any CPU
		{461080B6-C326-4B09-A06B-72080F0AB521}.Debug|Any CPU.Build.0 = Debug|Any CPU
		{461080B6-C326-4B09-A06B-72080F0AB521}.Debug|x86.ActiveCfg = Debug|Any CPU
		{461080B6-C326-4B09-A06B-72080F0AB521}.Debug|x86.Build.0 = Debug|Any CPU
		{461080B6-C326-4B09-A06B-72080F0AB521}.Release|Any CPU.ActiveCfg = Release|Any CPU
		{461080B6-C326-4B09-A06B-72080F0AB521}.Release|Any CPU.Build.0 = Release|Any CPU
		{461080B6-C326-4B09-A06B-72080F0AB521}.Release|x86.ActiveCfg = Release|Any CPU
		{461080B6-C326-4B09-A06B-72080F0AB521}.Release|x86.Build.0 = Release|Any CPU
		{588A5CBC-CCFC-462B-A7A0-D2B0B9D373A1}.Debug|Any CPU.ActiveCfg = Debug|Any CPU
		{588A5CBC-CCFC-462B-A7A0-D2B0B9D373A1}.Debug|Any CPU.Build.0 = Debug|Any CPU
		{588A5CBC-CCFC-462B-A7A0-D2B0B9D373A1}.Debug|x86.ActiveCfg = Debug|Any CPU
		{588A5CBC-CCFC-462B-A7A0-D2B0B9D373A1}.Debug|x86.Build.0 = Debug|Any CPU
		{588A5CBC-CCFC-462B-A7A0-D2B0B9D373A1}.Release|Any CPU.ActiveCfg = Release|Any CPU
		{588A5CBC-CCFC-462B-A7A0-D2B0B9D373A1}.Release|Any CPU.Build.0 = Release|Any CPU
		{588A5CBC-CCFC-462B-A7A0-D2B0B9D373A1}.Release|x86.ActiveCfg = Release|Any CPU
		{588A5CBC-CCFC-462B-A7A0-D2B0B9D373A1}.Release|x86.Build.0 = Release|Any CPU
		{EF5FBA9E-9514-4D3B-939F-117081004883}.Debug|Any CPU.ActiveCfg = Debug|Any CPU
		{EF5FBA9E-9514-4D3B-939F-117081004883}.Debug|Any CPU.Build.0 = Debug|Any CPU
		{EF5FBA9E-9514-4D3B-939F-117081004883}.Debug|x86.ActiveCfg = Debug|Any CPU
		{EF5FBA9E-9514-4D3B-939F-117081004883}.Debug|x86.Build.0 = Debug|Any CPU
		{EF5FBA9E-9514-4D3B-939F-117081004883}.Release|Any CPU.ActiveCfg = Release|Any CPU
		{EF5FBA9E-9514-4D3B-939F-117081004883}.Release|Any CPU.Build.0 = Release|Any CPU
		{EF5FBA9E-9514-4D3B-939F-117081004883}.Release|x86.ActiveCfg = Release|Any CPU
		{EF5FBA9E-9514-4D3B-939F-117081004883}.Release|x86.Build.0 = Release|Any CPU
		{718F958C-6ECB-4A97-A972-CBDFD525E33A}.Debug|Any CPU.ActiveCfg = Debug|Any CPU
		{718F958C-6ECB-4A97-A972-CBDFD525E33A}.Debug|Any CPU.Build.0 = Debug|Any CPU
		{718F958C-6ECB-4A97-A972-CBDFD525E33A}.Debug|x86.ActiveCfg = Debug|Any CPU
		{718F958C-6ECB-4A97-A972-CBDFD525E33A}.Debug|x86.Build.0 = Debug|Any CPU
		{718F958C-6ECB-4A97-A972-CBDFD525E33A}.Release|Any CPU.ActiveCfg = Release|Any CPU
		{718F958C-6ECB-4A97-A972-CBDFD525E33A}.Release|Any CPU.Build.0 = Release|Any CPU
		{718F958C-6ECB-4A97-A972-CBDFD525E33A}.Release|x86.ActiveCfg = Release|Any CPU
		{718F958C-6ECB-4A97-A972-CBDFD525E33A}.Release|x86.Build.0 = Release|Any CPU
		{9B1CC5BB-52B5-4AC0-BED2-079E06BDD0F9}.Debug|Any CPU.ActiveCfg = Debug|Any CPU
		{9B1CC5BB-52B5-4AC0-BED2-079E06BDD0F9}.Debug|Any CPU.Build.0 = Debug|Any CPU
		{9B1CC5BB-52B5-4AC0-BED2-079E06BDD0F9}.Debug|x86.ActiveCfg = Debug|Any CPU
		{9B1CC5BB-52B5-4AC0-BED2-079E06BDD0F9}.Debug|x86.Build.0 = Debug|Any CPU
		{9B1CC5BB-52B5-4AC0-BED2-079E06BDD0F9}.Release|Any CPU.ActiveCfg = Release|Any CPU
		{9B1CC5BB-52B5-4AC0-BED2-079E06BDD0F9}.Release|Any CPU.Build.0 = Release|Any CPU
		{9B1CC5BB-52B5-4AC0-BED2-079E06BDD0F9}.Release|x86.ActiveCfg = Release|Any CPU
		{9B1CC5BB-52B5-4AC0-BED2-079E06BDD0F9}.Release|x86.Build.0 = Release|Any CPU
		{06F65A20-9790-4547-AA8A-6E9F71395B13}.Debug|Any CPU.ActiveCfg = Debug|Any CPU
		{06F65A20-9790-4547-AA8A-6E9F71395B13}.Debug|Any CPU.Build.0 = Debug|Any CPU
		{06F65A20-9790-4547-AA8A-6E9F71395B13}.Debug|x86.ActiveCfg = Debug|Any CPU
		{06F65A20-9790-4547-AA8A-6E9F71395B13}.Debug|x86.Build.0 = Debug|Any CPU
		{06F65A20-9790-4547-AA8A-6E9F71395B13}.Release|Any CPU.ActiveCfg = Release|Any CPU
		{06F65A20-9790-4547-AA8A-6E9F71395B13}.Release|Any CPU.Build.0 = Release|Any CPU
		{06F65A20-9790-4547-AA8A-6E9F71395B13}.Release|x86.ActiveCfg = Release|Any CPU
		{06F65A20-9790-4547-AA8A-6E9F71395B13}.Release|x86.Build.0 = Release|Any CPU
		{0EFBC4CE-ACAD-4920-9B79-AB82D1EEC91D}.Debug|Any CPU.ActiveCfg = Debug|Any CPU
		{0EFBC4CE-ACAD-4920-9B79-AB82D1EEC91D}.Debug|Any CPU.Build.0 = Debug|Any CPU
		{0EFBC4CE-ACAD-4920-9B79-AB82D1EEC91D}.Debug|x86.ActiveCfg = Debug|Any CPU
		{0EFBC4CE-ACAD-4920-9B79-AB82D1EEC91D}.Debug|x86.Build.0 = Debug|Any CPU
		{0EFBC4CE-ACAD-4920-9B79-AB82D1EEC91D}.Release|Any CPU.ActiveCfg = Release|Any CPU
		{0EFBC4CE-ACAD-4920-9B79-AB82D1EEC91D}.Release|Any CPU.Build.0 = Release|Any CPU
		{0EFBC4CE-ACAD-4920-9B79-AB82D1EEC91D}.Release|x86.ActiveCfg = Release|Any CPU
		{0EFBC4CE-ACAD-4920-9B79-AB82D1EEC91D}.Release|x86.Build.0 = Release|Any CPU
		{F4C2307A-DBF0-4BEB-AB65-61B62D452C7E}.Debug|Any CPU.ActiveCfg = Debug|Any CPU
		{F4C2307A-DBF0-4BEB-AB65-61B62D452C7E}.Debug|Any CPU.Build.0 = Debug|Any CPU
		{F4C2307A-DBF0-4BEB-AB65-61B62D452C7E}.Debug|x86.ActiveCfg = Debug|Any CPU
		{F4C2307A-DBF0-4BEB-AB65-61B62D452C7E}.Debug|x86.Build.0 = Debug|Any CPU
		{F4C2307A-DBF0-4BEB-AB65-61B62D452C7E}.Release|Any CPU.ActiveCfg = Release|Any CPU
		{F4C2307A-DBF0-4BEB-AB65-61B62D452C7E}.Release|Any CPU.Build.0 = Release|Any CPU
		{F4C2307A-DBF0-4BEB-AB65-61B62D452C7E}.Release|x86.ActiveCfg = Release|Any CPU
		{F4C2307A-DBF0-4BEB-AB65-61B62D452C7E}.Release|x86.Build.0 = Release|Any CPU
		{D40C0E61-04D3-4B0B-8C00-23E37EF10D3C}.Debug|Any CPU.ActiveCfg = Debug|Any CPU
		{D40C0E61-04D3-4B0B-8C00-23E37EF10D3C}.Debug|Any CPU.Build.0 = Debug|Any CPU
		{D40C0E61-04D3-4B0B-8C00-23E37EF10D3C}.Debug|x86.ActiveCfg = Debug|Any CPU
		{D40C0E61-04D3-4B0B-8C00-23E37EF10D3C}.Debug|x86.Build.0 = Debug|Any CPU
		{D40C0E61-04D3-4B0B-8C00-23E37EF10D3C}.Release|Any CPU.ActiveCfg = Release|Any CPU
		{D40C0E61-04D3-4B0B-8C00-23E37EF10D3C}.Release|Any CPU.Build.0 = Release|Any CPU
		{D40C0E61-04D3-4B0B-8C00-23E37EF10D3C}.Release|x86.ActiveCfg = Release|Any CPU
		{D40C0E61-04D3-4B0B-8C00-23E37EF10D3C}.Release|x86.Build.0 = Release|Any CPU
		{45EB066E-E397-4BFF-A254-06FDF0082524}.Debug|Any CPU.ActiveCfg = Debug|Any CPU
		{45EB066E-E397-4BFF-A254-06FDF0082524}.Debug|Any CPU.Build.0 = Debug|Any CPU
		{45EB066E-E397-4BFF-A254-06FDF0082524}.Debug|x86.ActiveCfg = Debug|Any CPU
		{45EB066E-E397-4BFF-A254-06FDF0082524}.Debug|x86.Build.0 = Debug|Any CPU
		{45EB066E-E397-4BFF-A254-06FDF0082524}.Release|Any CPU.ActiveCfg = Release|Any CPU
		{45EB066E-E397-4BFF-A254-06FDF0082524}.Release|Any CPU.Build.0 = Release|Any CPU
		{45EB066E-E397-4BFF-A254-06FDF0082524}.Release|x86.ActiveCfg = Release|Any CPU
		{45EB066E-E397-4BFF-A254-06FDF0082524}.Release|x86.Build.0 = Release|Any CPU
		{8A218718-C67F-4522-9530-A1EA9A785223}.Debug|Any CPU.ActiveCfg = Debug|Any CPU
		{8A218718-C67F-4522-9530-A1EA9A785223}.Debug|Any CPU.Build.0 = Debug|Any CPU
		{8A218718-C67F-4522-9530-A1EA9A785223}.Debug|x86.ActiveCfg = Debug|Any CPU
		{8A218718-C67F-4522-9530-A1EA9A785223}.Debug|x86.Build.0 = Debug|Any CPU
		{8A218718-C67F-4522-9530-A1EA9A785223}.Release|Any CPU.ActiveCfg = Release|Any CPU
		{8A218718-C67F-4522-9530-A1EA9A785223}.Release|Any CPU.Build.0 = Release|Any CPU
		{8A218718-C67F-4522-9530-A1EA9A785223}.Release|x86.ActiveCfg = Release|Any CPU
		{8A218718-C67F-4522-9530-A1EA9A785223}.Release|x86.Build.0 = Release|Any CPU
		{ED72C696-0DAA-4A8D-9AD7-D812DCD6BFCC}.Debug|Any CPU.ActiveCfg = Debug|Any CPU
		{ED72C696-0DAA-4A8D-9AD7-D812DCD6BFCC}.Debug|Any CPU.Build.0 = Debug|Any CPU
		{ED72C696-0DAA-4A8D-9AD7-D812DCD6BFCC}.Debug|x86.ActiveCfg = Debug|Any CPU
		{ED72C696-0DAA-4A8D-9AD7-D812DCD6BFCC}.Debug|x86.Build.0 = Debug|Any CPU
		{ED72C696-0DAA-4A8D-9AD7-D812DCD6BFCC}.Release|Any CPU.ActiveCfg = Release|Any CPU
		{ED72C696-0DAA-4A8D-9AD7-D812DCD6BFCC}.Release|Any CPU.Build.0 = Release|Any CPU
		{ED72C696-0DAA-4A8D-9AD7-D812DCD6BFCC}.Release|x86.ActiveCfg = Release|Any CPU
		{ED72C696-0DAA-4A8D-9AD7-D812DCD6BFCC}.Release|x86.Build.0 = Release|Any CPU
		{5FE59FC5-1A39-4774-943F-46775F486469}.Debug|Any CPU.ActiveCfg = Debug|Any CPU
		{5FE59FC5-1A39-4774-943F-46775F486469}.Debug|Any CPU.Build.0 = Debug|Any CPU
		{5FE59FC5-1A39-4774-943F-46775F486469}.Debug|x86.ActiveCfg = Debug|Any CPU
		{5FE59FC5-1A39-4774-943F-46775F486469}.Debug|x86.Build.0 = Debug|Any CPU
		{5FE59FC5-1A39-4774-943F-46775F486469}.Release|Any CPU.ActiveCfg = Release|Any CPU
		{5FE59FC5-1A39-4774-943F-46775F486469}.Release|Any CPU.Build.0 = Release|Any CPU
		{5FE59FC5-1A39-4774-943F-46775F486469}.Release|x86.ActiveCfg = Release|Any CPU
		{5FE59FC5-1A39-4774-943F-46775F486469}.Release|x86.Build.0 = Release|Any CPU
		{3A53ABCA-12EF-4EB4-BF79-FF9F7B4EC622}.Debug|Any CPU.ActiveCfg = Debug|Any CPU
		{3A53ABCA-12EF-4EB4-BF79-FF9F7B4EC622}.Debug|Any CPU.Build.0 = Debug|Any CPU
		{3A53ABCA-12EF-4EB4-BF79-FF9F7B4EC622}.Debug|x86.ActiveCfg = Debug|Any CPU
		{3A53ABCA-12EF-4EB4-BF79-FF9F7B4EC622}.Debug|x86.Build.0 = Debug|Any CPU
		{3A53ABCA-12EF-4EB4-BF79-FF9F7B4EC622}.Release|Any CPU.ActiveCfg = Release|Any CPU
		{3A53ABCA-12EF-4EB4-BF79-FF9F7B4EC622}.Release|Any CPU.Build.0 = Release|Any CPU
		{3A53ABCA-12EF-4EB4-BF79-FF9F7B4EC622}.Release|x86.ActiveCfg = Release|Any CPU
		{3A53ABCA-12EF-4EB4-BF79-FF9F7B4EC622}.Release|x86.Build.0 = Release|Any CPU
		{F9528652-9FCE-4AE8-8E3C-F1CFCCAD144D}.Debug|Any CPU.ActiveCfg = Debug|Any CPU
		{F9528652-9FCE-4AE8-8E3C-F1CFCCAD144D}.Debug|Any CPU.Build.0 = Debug|Any CPU
		{F9528652-9FCE-4AE8-8E3C-F1CFCCAD144D}.Debug|x86.ActiveCfg = Debug|Any CPU
		{F9528652-9FCE-4AE8-8E3C-F1CFCCAD144D}.Debug|x86.Build.0 = Debug|Any CPU
		{F9528652-9FCE-4AE8-8E3C-F1CFCCAD144D}.Release|Any CPU.ActiveCfg = Release|Any CPU
		{F9528652-9FCE-4AE8-8E3C-F1CFCCAD144D}.Release|Any CPU.Build.0 = Release|Any CPU
		{F9528652-9FCE-4AE8-8E3C-F1CFCCAD144D}.Release|x86.ActiveCfg = Release|Any CPU
		{F9528652-9FCE-4AE8-8E3C-F1CFCCAD144D}.Release|x86.Build.0 = Release|Any CPU
		{4346529F-4CF6-4B6B-AB6E-4EC5257A9C53}.Debug|Any CPU.ActiveCfg = Debug|Any CPU
		{4346529F-4CF6-4B6B-AB6E-4EC5257A9C53}.Debug|Any CPU.Build.0 = Debug|Any CPU
		{4346529F-4CF6-4B6B-AB6E-4EC5257A9C53}.Debug|x86.ActiveCfg = Debug|Any CPU
		{4346529F-4CF6-4B6B-AB6E-4EC5257A9C53}.Debug|x86.Build.0 = Debug|Any CPU
		{4346529F-4CF6-4B6B-AB6E-4EC5257A9C53}.Release|Any CPU.ActiveCfg = Release|Any CPU
		{4346529F-4CF6-4B6B-AB6E-4EC5257A9C53}.Release|Any CPU.Build.0 = Release|Any CPU
		{4346529F-4CF6-4B6B-AB6E-4EC5257A9C53}.Release|x86.ActiveCfg = Release|Any CPU
		{4346529F-4CF6-4B6B-AB6E-4EC5257A9C53}.Release|x86.Build.0 = Release|Any CPU
		{F20B960D-2591-4A27-977F-E60DE5E31D73}.Debug|Any CPU.ActiveCfg = Debug|Any CPU
		{F20B960D-2591-4A27-977F-E60DE5E31D73}.Debug|Any CPU.Build.0 = Debug|Any CPU
		{F20B960D-2591-4A27-977F-E60DE5E31D73}.Debug|x86.ActiveCfg = Debug|Any CPU
		{F20B960D-2591-4A27-977F-E60DE5E31D73}.Debug|x86.Build.0 = Debug|Any CPU
		{F20B960D-2591-4A27-977F-E60DE5E31D73}.Release|Any CPU.ActiveCfg = Release|Any CPU
		{F20B960D-2591-4A27-977F-E60DE5E31D73}.Release|Any CPU.Build.0 = Release|Any CPU
		{F20B960D-2591-4A27-977F-E60DE5E31D73}.Release|x86.ActiveCfg = Release|Any CPU
		{F20B960D-2591-4A27-977F-E60DE5E31D73}.Release|x86.Build.0 = Release|Any CPU
		{D0E33184-A9EF-445F-BCDB-6B8127D95CE3}.Debug|Any CPU.ActiveCfg = Debug|Any CPU
		{D0E33184-A9EF-445F-BCDB-6B8127D95CE3}.Debug|Any CPU.Build.0 = Debug|Any CPU
		{D0E33184-A9EF-445F-BCDB-6B8127D95CE3}.Debug|x86.ActiveCfg = Debug|Any CPU
		{D0E33184-A9EF-445F-BCDB-6B8127D95CE3}.Debug|x86.Build.0 = Debug|Any CPU
		{D0E33184-A9EF-445F-BCDB-6B8127D95CE3}.Release|Any CPU.ActiveCfg = Release|Any CPU
		{D0E33184-A9EF-445F-BCDB-6B8127D95CE3}.Release|Any CPU.Build.0 = Release|Any CPU
		{D0E33184-A9EF-445F-BCDB-6B8127D95CE3}.Release|x86.ActiveCfg = Release|Any CPU
		{D0E33184-A9EF-445F-BCDB-6B8127D95CE3}.Release|x86.Build.0 = Release|Any CPU
		{D547B084-FB19-49BC-98AD-FC110C91C96A}.Debug|Any CPU.ActiveCfg = Debug|Any CPU
		{D547B084-FB19-49BC-98AD-FC110C91C96A}.Debug|Any CPU.Build.0 = Debug|Any CPU
		{D547B084-FB19-49BC-98AD-FC110C91C96A}.Debug|x86.ActiveCfg = Debug|Any CPU
		{D547B084-FB19-49BC-98AD-FC110C91C96A}.Debug|x86.Build.0 = Debug|Any CPU
		{D547B084-FB19-49BC-98AD-FC110C91C96A}.Release|Any CPU.ActiveCfg = Release|Any CPU
		{D547B084-FB19-49BC-98AD-FC110C91C96A}.Release|Any CPU.Build.0 = Release|Any CPU
		{D547B084-FB19-49BC-98AD-FC110C91C96A}.Release|x86.ActiveCfg = Release|Any CPU
		{D547B084-FB19-49BC-98AD-FC110C91C96A}.Release|x86.Build.0 = Release|Any CPU
		{010B9D2B-4A93-4AA5-AEB2-2A4D35B45287}.Debug|Any CPU.ActiveCfg = Debug|Any CPU
		{010B9D2B-4A93-4AA5-AEB2-2A4D35B45287}.Debug|Any CPU.Build.0 = Debug|Any CPU
		{010B9D2B-4A93-4AA5-AEB2-2A4D35B45287}.Debug|x86.ActiveCfg = Debug|Any CPU
		{010B9D2B-4A93-4AA5-AEB2-2A4D35B45287}.Debug|x86.Build.0 = Debug|Any CPU
		{010B9D2B-4A93-4AA5-AEB2-2A4D35B45287}.Release|Any CPU.ActiveCfg = Release|Any CPU
		{010B9D2B-4A93-4AA5-AEB2-2A4D35B45287}.Release|Any CPU.Build.0 = Release|Any CPU
		{010B9D2B-4A93-4AA5-AEB2-2A4D35B45287}.Release|x86.ActiveCfg = Release|Any CPU
		{010B9D2B-4A93-4AA5-AEB2-2A4D35B45287}.Release|x86.Build.0 = Release|Any CPU
		{DBFD6236-1C6E-44AC-BBDF-B4FC80219DD6}.Debug|Any CPU.ActiveCfg = Debug|Any CPU
		{DBFD6236-1C6E-44AC-BBDF-B4FC80219DD6}.Debug|Any CPU.Build.0 = Debug|Any CPU
		{DBFD6236-1C6E-44AC-BBDF-B4FC80219DD6}.Debug|x86.ActiveCfg = Debug|Any CPU
		{DBFD6236-1C6E-44AC-BBDF-B4FC80219DD6}.Debug|x86.Build.0 = Debug|Any CPU
		{DBFD6236-1C6E-44AC-BBDF-B4FC80219DD6}.Release|Any CPU.ActiveCfg = Release|Any CPU
		{DBFD6236-1C6E-44AC-BBDF-B4FC80219DD6}.Release|Any CPU.Build.0 = Release|Any CPU
		{DBFD6236-1C6E-44AC-BBDF-B4FC80219DD6}.Release|x86.ActiveCfg = Release|Any CPU
		{DBFD6236-1C6E-44AC-BBDF-B4FC80219DD6}.Release|x86.Build.0 = Release|Any CPU
		{51DBDA53-361C-4863-ACDA-85E28DF86D70}.Debug|Any CPU.ActiveCfg = Debug|x86
		{51DBDA53-361C-4863-ACDA-85E28DF86D70}.Debug|x86.ActiveCfg = Debug|x86
		{51DBDA53-361C-4863-ACDA-85E28DF86D70}.Debug|x86.Build.0 = Debug|x86
		{51DBDA53-361C-4863-ACDA-85E28DF86D70}.Release|Any CPU.ActiveCfg = Release|x86
		{51DBDA53-361C-4863-ACDA-85E28DF86D70}.Release|x86.ActiveCfg = Release|x86
		{51DBDA53-361C-4863-ACDA-85E28DF86D70}.Release|x86.Build.0 = Release|x86
		{8BE56029-EDF0-4886-B863-A9C007C8FAF0}.Debug|Any CPU.ActiveCfg = Debug|Any CPU
		{8BE56029-EDF0-4886-B863-A9C007C8FAF0}.Debug|Any CPU.Build.0 = Debug|Any CPU
		{8BE56029-EDF0-4886-B863-A9C007C8FAF0}.Debug|x86.ActiveCfg = Debug|Any CPU
		{8BE56029-EDF0-4886-B863-A9C007C8FAF0}.Debug|x86.Build.0 = Debug|Any CPU
		{8BE56029-EDF0-4886-B863-A9C007C8FAF0}.Release|Any CPU.ActiveCfg = Release|Any CPU
		{8BE56029-EDF0-4886-B863-A9C007C8FAF0}.Release|Any CPU.Build.0 = Release|Any CPU
		{8BE56029-EDF0-4886-B863-A9C007C8FAF0}.Release|x86.ActiveCfg = Release|Any CPU
		{8BE56029-EDF0-4886-B863-A9C007C8FAF0}.Release|x86.Build.0 = Release|Any CPU
		{791648BB-8E82-4826-B8B3-08C5C98661B8}.Debug|Any CPU.ActiveCfg = Debug|Any CPU
		{791648BB-8E82-4826-B8B3-08C5C98661B8}.Debug|Any CPU.Build.0 = Debug|Any CPU
		{791648BB-8E82-4826-B8B3-08C5C98661B8}.Debug|x86.ActiveCfg = Debug|Any CPU
		{791648BB-8E82-4826-B8B3-08C5C98661B8}.Debug|x86.Build.0 = Debug|Any CPU
		{791648BB-8E82-4826-B8B3-08C5C98661B8}.Release|Any CPU.ActiveCfg = Release|Any CPU
		{791648BB-8E82-4826-B8B3-08C5C98661B8}.Release|Any CPU.Build.0 = Release|Any CPU
		{791648BB-8E82-4826-B8B3-08C5C98661B8}.Release|x86.ActiveCfg = Release|Any CPU
		{791648BB-8E82-4826-B8B3-08C5C98661B8}.Release|x86.Build.0 = Release|Any CPU
		{D67E1448-B769-4D28-BBAB-B067F2E89E03}.Debug|Any CPU.ActiveCfg = Debug|Any CPU
		{D67E1448-B769-4D28-BBAB-B067F2E89E03}.Debug|Any CPU.Build.0 = Debug|Any CPU
		{D67E1448-B769-4D28-BBAB-B067F2E89E03}.Debug|x86.ActiveCfg = Debug|Any CPU
		{D67E1448-B769-4D28-BBAB-B067F2E89E03}.Debug|x86.Build.0 = Debug|Any CPU
		{D67E1448-B769-4D28-BBAB-B067F2E89E03}.Release|Any CPU.ActiveCfg = Release|Any CPU
		{D67E1448-B769-4D28-BBAB-B067F2E89E03}.Release|Any CPU.Build.0 = Release|Any CPU
		{D67E1448-B769-4D28-BBAB-B067F2E89E03}.Release|x86.ActiveCfg = Release|Any CPU
		{D67E1448-B769-4D28-BBAB-B067F2E89E03}.Release|x86.Build.0 = Release|Any CPU
		{995D983D-AE69-45A1-A5B9-91DDFD9558B3}.Debug|Any CPU.ActiveCfg = Debug|Any CPU
		{995D983D-AE69-45A1-A5B9-91DDFD9558B3}.Debug|Any CPU.Build.0 = Debug|Any CPU
		{995D983D-AE69-45A1-A5B9-91DDFD9558B3}.Debug|x86.ActiveCfg = Debug|Any CPU
		{995D983D-AE69-45A1-A5B9-91DDFD9558B3}.Debug|x86.Build.0 = Debug|Any CPU
		{995D983D-AE69-45A1-A5B9-91DDFD9558B3}.Release|Any CPU.ActiveCfg = Release|Any CPU
		{995D983D-AE69-45A1-A5B9-91DDFD9558B3}.Release|Any CPU.Build.0 = Release|Any CPU
		{995D983D-AE69-45A1-A5B9-91DDFD9558B3}.Release|x86.ActiveCfg = Release|Any CPU
		{995D983D-AE69-45A1-A5B9-91DDFD9558B3}.Release|x86.Build.0 = Release|Any CPU
		{2E5DBCF9-EDF0-44FE-8C33-2239BDF70D75}.Debug|Any CPU.ActiveCfg = Debug|Any CPU
		{2E5DBCF9-EDF0-44FE-8C33-2239BDF70D75}.Debug|Any CPU.Build.0 = Debug|Any CPU
		{2E5DBCF9-EDF0-44FE-8C33-2239BDF70D75}.Debug|x86.ActiveCfg = Debug|Any CPU
		{2E5DBCF9-EDF0-44FE-8C33-2239BDF70D75}.Debug|x86.Build.0 = Debug|Any CPU
		{2E5DBCF9-EDF0-44FE-8C33-2239BDF70D75}.Release|Any CPU.ActiveCfg = Release|Any CPU
		{2E5DBCF9-EDF0-44FE-8C33-2239BDF70D75}.Release|Any CPU.Build.0 = Release|Any CPU
		{2E5DBCF9-EDF0-44FE-8C33-2239BDF70D75}.Release|x86.ActiveCfg = Release|Any CPU
		{2E5DBCF9-EDF0-44FE-8C33-2239BDF70D75}.Release|x86.Build.0 = Release|Any CPU
		{9C51D3A1-A0E5-45F6-8603-CDB44901D7CF}.Debug|Any CPU.ActiveCfg = Debug|Any CPU
		{9C51D3A1-A0E5-45F6-8603-CDB44901D7CF}.Debug|Any CPU.Build.0 = Debug|Any CPU
		{9C51D3A1-A0E5-45F6-8603-CDB44901D7CF}.Debug|x86.ActiveCfg = Debug|Any CPU
		{9C51D3A1-A0E5-45F6-8603-CDB44901D7CF}.Debug|x86.Build.0 = Debug|Any CPU
		{9C51D3A1-A0E5-45F6-8603-CDB44901D7CF}.Release|Any CPU.ActiveCfg = Release|Any CPU
		{9C51D3A1-A0E5-45F6-8603-CDB44901D7CF}.Release|Any CPU.Build.0 = Release|Any CPU
		{9C51D3A1-A0E5-45F6-8603-CDB44901D7CF}.Release|x86.ActiveCfg = Release|Any CPU
		{9C51D3A1-A0E5-45F6-8603-CDB44901D7CF}.Release|x86.Build.0 = Release|Any CPU
		{63A1B82C-ED4A-44EF-9233-3445AE424CB0}.Debug|Any CPU.ActiveCfg = Debug|Any CPU
		{63A1B82C-ED4A-44EF-9233-3445AE424CB0}.Debug|Any CPU.Build.0 = Debug|Any CPU
		{63A1B82C-ED4A-44EF-9233-3445AE424CB0}.Debug|x86.ActiveCfg = Debug|Any CPU
		{63A1B82C-ED4A-44EF-9233-3445AE424CB0}.Debug|x86.Build.0 = Debug|Any CPU
		{63A1B82C-ED4A-44EF-9233-3445AE424CB0}.Release|Any CPU.ActiveCfg = Release|Any CPU
		{63A1B82C-ED4A-44EF-9233-3445AE424CB0}.Release|Any CPU.Build.0 = Release|Any CPU
		{63A1B82C-ED4A-44EF-9233-3445AE424CB0}.Release|x86.ActiveCfg = Release|Any CPU
		{63A1B82C-ED4A-44EF-9233-3445AE424CB0}.Release|x86.Build.0 = Release|Any CPU
		{CA228A95-B4AC-47F9-A941-2652F7714658}.Debug|Any CPU.ActiveCfg = Debug|Any CPU
		{CA228A95-B4AC-47F9-A941-2652F7714658}.Debug|Any CPU.Build.0 = Debug|Any CPU
		{CA228A95-B4AC-47F9-A941-2652F7714658}.Debug|x86.ActiveCfg = Debug|Any CPU
		{CA228A95-B4AC-47F9-A941-2652F7714658}.Debug|x86.Build.0 = Debug|Any CPU
		{CA228A95-B4AC-47F9-A941-2652F7714658}.Release|Any CPU.ActiveCfg = Release|Any CPU
		{CA228A95-B4AC-47F9-A941-2652F7714658}.Release|Any CPU.Build.0 = Release|Any CPU
		{CA228A95-B4AC-47F9-A941-2652F7714658}.Release|x86.ActiveCfg = Release|Any CPU
		{CA228A95-B4AC-47F9-A941-2652F7714658}.Release|x86.Build.0 = Release|Any CPU
		{BF487161-24E5-4E41-BBD9-468A4234B007}.Debug|Any CPU.ActiveCfg = Debug|Any CPU
		{BF487161-24E5-4E41-BBD9-468A4234B007}.Debug|Any CPU.Build.0 = Debug|Any CPU
		{BF487161-24E5-4E41-BBD9-468A4234B007}.Debug|x86.ActiveCfg = Debug|Any CPU
		{BF487161-24E5-4E41-BBD9-468A4234B007}.Debug|x86.Build.0 = Debug|Any CPU
		{BF487161-24E5-4E41-BBD9-468A4234B007}.Release|Any CPU.ActiveCfg = Release|Any CPU
		{BF487161-24E5-4E41-BBD9-468A4234B007}.Release|Any CPU.Build.0 = Release|Any CPU
		{BF487161-24E5-4E41-BBD9-468A4234B007}.Release|x86.ActiveCfg = Release|Any CPU
		{BF487161-24E5-4E41-BBD9-468A4234B007}.Release|x86.Build.0 = Release|Any CPU
		{89D1D431-1DBE-46F9-9859-7CDC9FE29903}.Debug|Any CPU.ActiveCfg = Debug|Any CPU
		{89D1D431-1DBE-46F9-9859-7CDC9FE29903}.Debug|Any CPU.Build.0 = Debug|Any CPU
		{89D1D431-1DBE-46F9-9859-7CDC9FE29903}.Debug|x86.ActiveCfg = Debug|Any CPU
		{89D1D431-1DBE-46F9-9859-7CDC9FE29903}.Debug|x86.Build.0 = Debug|Any CPU
		{89D1D431-1DBE-46F9-9859-7CDC9FE29903}.Release|Any CPU.ActiveCfg = Release|Any CPU
		{89D1D431-1DBE-46F9-9859-7CDC9FE29903}.Release|Any CPU.Build.0 = Release|Any CPU
		{89D1D431-1DBE-46F9-9859-7CDC9FE29903}.Release|x86.ActiveCfg = Release|Any CPU
		{89D1D431-1DBE-46F9-9859-7CDC9FE29903}.Release|x86.Build.0 = Release|Any CPU
		{ABFBD50E-FF53-4AF7-86B4-66FB4F0AA18D}.Debug|Any CPU.ActiveCfg = Debug|Any CPU
		{ABFBD50E-FF53-4AF7-86B4-66FB4F0AA18D}.Debug|Any CPU.Build.0 = Debug|Any CPU
		{ABFBD50E-FF53-4AF7-86B4-66FB4F0AA18D}.Debug|x86.ActiveCfg = Debug|Any CPU
		{ABFBD50E-FF53-4AF7-86B4-66FB4F0AA18D}.Debug|x86.Build.0 = Debug|Any CPU
		{ABFBD50E-FF53-4AF7-86B4-66FB4F0AA18D}.Release|Any CPU.ActiveCfg = Release|Any CPU
		{ABFBD50E-FF53-4AF7-86B4-66FB4F0AA18D}.Release|Any CPU.Build.0 = Release|Any CPU
		{ABFBD50E-FF53-4AF7-86B4-66FB4F0AA18D}.Release|x86.ActiveCfg = Release|Any CPU
		{ABFBD50E-FF53-4AF7-86B4-66FB4F0AA18D}.Release|x86.Build.0 = Release|Any CPU
		{4C447EC6-F001-41E8-A7C2-108F9FC40AB8}.Debug|Any CPU.ActiveCfg = Debug|Any CPU
		{4C447EC6-F001-41E8-A7C2-108F9FC40AB8}.Debug|Any CPU.Build.0 = Debug|Any CPU
		{4C447EC6-F001-41E8-A7C2-108F9FC40AB8}.Debug|x86.ActiveCfg = Debug|Any CPU
		{4C447EC6-F001-41E8-A7C2-108F9FC40AB8}.Debug|x86.Build.0 = Debug|Any CPU
		{4C447EC6-F001-41E8-A7C2-108F9FC40AB8}.Release|Any CPU.ActiveCfg = Release|Any CPU
		{4C447EC6-F001-41E8-A7C2-108F9FC40AB8}.Release|Any CPU.Build.0 = Release|Any CPU
		{4C447EC6-F001-41E8-A7C2-108F9FC40AB8}.Release|x86.ActiveCfg = Release|Any CPU
		{4C447EC6-F001-41E8-A7C2-108F9FC40AB8}.Release|x86.Build.0 = Release|Any CPU
	EndGlobalSection
	GlobalSection(SolutionProperties) = preSolution
		HideSolutionNode = FALSE
	EndGlobalSection
	GlobalSection(NestedProjects) = preSolution
		{588A5CBC-CCFC-462B-A7A0-D2B0B9D373A1} = {5EF04D79-24F7-4CD5-845E-0938217976B0}
		{EF5FBA9E-9514-4D3B-939F-117081004883} = {A794BE5D-399B-4C5F-BB57-1F473B76F5C1}
		{718F958C-6ECB-4A97-A972-CBDFD525E33A} = {5EF04D79-24F7-4CD5-845E-0938217976B0}
		{9B1CC5BB-52B5-4AC0-BED2-079E06BDD0F9} = {A52240B9-9E9E-4768-92E2-35CC7F180F12}
		{06F65A20-9790-4547-AA8A-6E9F71395B13} = {F60B456D-30AB-4150-82C2-36D8955887D3}
		{0EFBC4CE-ACAD-4920-9B79-AB82D1EEC91D} = {C59FF8D9-20E4-40D3-8159-F8ECC2255A47}
		{F4C2307A-DBF0-4BEB-AB65-61B62D452C7E} = {C59FF8D9-20E4-40D3-8159-F8ECC2255A47}
		{D40C0E61-04D3-4B0B-8C00-23E37EF10D3C} = {C59FF8D9-20E4-40D3-8159-F8ECC2255A47}
		{45EB066E-E397-4BFF-A254-06FDF0082524} = {C59FF8D9-20E4-40D3-8159-F8ECC2255A47}
		{8A218718-C67F-4522-9530-A1EA9A785223} = {C59FF8D9-20E4-40D3-8159-F8ECC2255A47}
		{ED72C696-0DAA-4A8D-9AD7-D812DCD6BFCC} = {C59FF8D9-20E4-40D3-8159-F8ECC2255A47}
		{5FE59FC5-1A39-4774-943F-46775F486469} = {A52240B9-9E9E-4768-92E2-35CC7F180F12}
		{3A53ABCA-12EF-4EB4-BF79-FF9F7B4EC622} = {A52240B9-9E9E-4768-92E2-35CC7F180F12}
		{F9528652-9FCE-4AE8-8E3C-F1CFCCAD144D} = {F60B456D-30AB-4150-82C2-36D8955887D3}
		{4346529F-4CF6-4B6B-AB6E-4EC5257A9C53} = {A794BE5D-399B-4C5F-BB57-1F473B76F5C1}
		{F20B960D-2591-4A27-977F-E60DE5E31D73} = {A794BE5D-399B-4C5F-BB57-1F473B76F5C1}
		{D0E33184-A9EF-445F-BCDB-6B8127D95CE3} = {A794BE5D-399B-4C5F-BB57-1F473B76F5C1}
		{D547B084-FB19-49BC-98AD-FC110C91C96A} = {A794BE5D-399B-4C5F-BB57-1F473B76F5C1}
		{010B9D2B-4A93-4AA5-AEB2-2A4D35B45287} = {C59FF8D9-20E4-40D3-8159-F8ECC2255A47}
		{DBFD6236-1C6E-44AC-BBDF-B4FC80219DD6} = {A52240B9-9E9E-4768-92E2-35CC7F180F12}
		{8BE56029-EDF0-4886-B863-A9C007C8FAF0} = {A794BE5D-399B-4C5F-BB57-1F473B76F5C1}
		{791648BB-8E82-4826-B8B3-08C5C98661B8} = {A794BE5D-399B-4C5F-BB57-1F473B76F5C1}
		{D67E1448-B769-4D28-BBAB-B067F2E89E03} = {C59FF8D9-20E4-40D3-8159-F8ECC2255A47}
		{995D983D-AE69-45A1-A5B9-91DDFD9558B3} = {A794BE5D-399B-4C5F-BB57-1F473B76F5C1}
		{2E5DBCF9-EDF0-44FE-8C33-2239BDF70D75} = {A794BE5D-399B-4C5F-BB57-1F473B76F5C1}
		{9C51D3A1-A0E5-45F6-8603-CDB44901D7CF} = {5EF04D79-24F7-4CD5-845E-0938217976B0}
		{63A1B82C-ED4A-44EF-9233-3445AE424CB0} = {F60B456D-30AB-4150-82C2-36D8955887D3}
		{CA228A95-B4AC-47F9-A941-2652F7714658} = {F60B456D-30AB-4150-82C2-36D8955887D3}
		{BF487161-24E5-4E41-BBD9-468A4234B007} = {F60B456D-30AB-4150-82C2-36D8955887D3}
		{89D1D431-1DBE-46F9-9859-7CDC9FE29903} = {A794BE5D-399B-4C5F-BB57-1F473B76F5C1}
		{4C447EC6-F001-41E8-A7C2-108F9FC40AB8} = {C59FF8D9-20E4-40D3-8159-F8ECC2255A47}
	EndGlobalSection
	GlobalSection(ExtensibilityGlobals) = postSolution
		SolutionGuid = {A565C1B9-4F81-4EDB-A137-BB6F31D986E0}
	EndGlobalSection
EndGlobal
