
Microsoft Visual Studio Solution File, Format Version 12.00
# Visual Studio Version 16
VisualStudioVersion = 16.0.29806.167
MinimumVisualStudioVersion = 10.0.40219.1
Project("{9A19103F-16F7-4668-BE54-9A1E7A4F7556}") = "FreeMarketApp", "FreeMarketApp\FreeMarketApp.csproj", "{461080B6-C326-4B09-A06B-72080F0AB521}"
EndProject
Project("{2150E333-8FDC-42A3-9474-1A3956D46DE8}") = "BackEnd.BlockChain", "BackEnd.BlockChain", "{A52240B9-9E9E-4768-92E2-35CC7F180F12}"
EndProject
Project("{9A19103F-16F7-4668-BE54-9A1E7A4F7556}") = "jaindb.base", "JainDB\jaindb.base\jaindb.base.csproj", "{53DB81FA-C23D-4721-9579-1B0B5A46C1D2}"
EndProject
Project("{9A19103F-16F7-4668-BE54-9A1E7A4F7556}") = "Plugin_FileStore", "JainDB\Plugin_FileStore\Plugin_FileStore.csproj", "{72842BDD-495B-472C-9C45-3C6C6D58240C}"
EndProject
Project("{2150E333-8FDC-42A3-9474-1A3956D46DE8}") = "BackEnd.Server", "BackEnd.Server", "{5EF04D79-24F7-4CD5-845E-0938217976B0}"
EndProject
Project("{9A19103F-16F7-4668-BE54-9A1E7A4F7556}") = "FreeMarketOne.ServerCore", "FreeMarketOne.ServerCore\FreeMarketOne.ServerCore.csproj", "{588A5CBC-CCFC-462B-A7A0-D2B0B9D373A1}"
EndProject
Project("{9A19103F-16F7-4668-BE54-9A1E7A4F7556}") = "FreeMarketOne.Tor", "FreeMarketOne.Tor\FreeMarketOne.Tor.csproj", "{EF5FBA9E-9514-4D3B-939F-117081004883}"
EndProject
Project("{9A19103F-16F7-4668-BE54-9A1E7A4F7556}") = "FreeMarketOne.Extensions", "FreeMarketOne.Extensions\FreeMarketOne.Extensions.csproj", "{718F958C-6ECB-4A97-A972-CBDFD525E33A}"
EndProject
Project("{9A19103F-16F7-4668-BE54-9A1E7A4F7556}") = "FreeMarketOne.P2P", "FreeMarketOne.P2P\FreeMarketOne.P2P.csproj", "{9B1CC5BB-52B5-4AC0-BED2-079E06BDD0F9}"
EndProject
Project("{2150E333-8FDC-42A3-9474-1A3956D46DE8}") = "BackEnd.Market", "BackEnd.Market", "{F60B456D-30AB-4150-82C2-36D8955887D3}"
EndProject
Project("{9A19103F-16F7-4668-BE54-9A1E7A4F7556}") = "FreeMarketOne.DataStructure", "FreeMarketOne.DataStructure\FreeMarketOne.DataStructure.csproj", "{06F65A20-9790-4547-AA8A-6E9F71395B13}"
EndProject
Project("{9A19103F-16F7-4668-BE54-9A1E7A4F7556}") = "FreeMarketOne.Utils", "FreeMarketOne.Utils\FreeMarketOne.Utils.csproj", "{A5B0D135-981F-45E2-B8B3-9B0FA0D0E78F}"
EndProject
Project("{9A19103F-16F7-4668-BE54-9A1E7A4F7556}") = "FreeMarketOne.MarketPool", "FreeMarketOne.MarketPool\FreeMarketOne.MarketPool.csproj", "{6EFBD6E9-F58A-43F5-B06C-8C3210C144DD}"
EndProject
Project("{9A19103F-16F7-4668-BE54-9A1E7A4F7556}") = "FreeMarketOne.BasePool", "FreeMarketOne.BasePool\FreeMarketOne.BasePool.csproj", "{2B123CE5-F1A6-4DAC-BAD4-1347267A2738}"
EndProject
Project("{FAE04EC0-301F-11D3-BF4B-00C04F79EFBC}") = "FreeMarketOne.Mining", "FreeMarketOne.MiningProcessor\FreeMarketOne.Mining.csproj", "{BB8D3FE8-B624-4A36-9F07-7F99D52C7250}"
Project("{FAE04EC0-301F-11D3-BF4B-00C04F79EFBC}") = "FreeMarketOne.Crypto", "FreeMarketOne.Crypto\FreeMarketOne.Crypto.csproj", "{6A3517E1-C828-473A-B812-35794020B021}"
EndProject
Project("{FAE04EC0-301F-11D3-BF4B-00C04F79EFBC}") = "FreeMarketOne.Crypto.Tests", "FreeMarketOne.Crypto.Tests\FreeMarketOne.Crypto.Tests.csproj", "{4B972920-5A54-474B-B00B-6AF35CA04E42}"
EndProject
Global
	GlobalSection(SolutionConfigurationPlatforms) = preSolution
		Debug|Any CPU = Debug|Any CPU
		Release|Any CPU = Release|Any CPU
	EndGlobalSection
	GlobalSection(ProjectConfigurationPlatforms) = postSolution
		{461080B6-C326-4B09-A06B-72080F0AB521}.Debug|Any CPU.ActiveCfg = Debug|Any CPU
		{461080B6-C326-4B09-A06B-72080F0AB521}.Debug|Any CPU.Build.0 = Debug|Any CPU
		{461080B6-C326-4B09-A06B-72080F0AB521}.Release|Any CPU.ActiveCfg = Release|Any CPU
		{461080B6-C326-4B09-A06B-72080F0AB521}.Release|Any CPU.Build.0 = Release|Any CPU
		{53DB81FA-C23D-4721-9579-1B0B5A46C1D2}.Debug|Any CPU.ActiveCfg = Debug|Any CPU
		{53DB81FA-C23D-4721-9579-1B0B5A46C1D2}.Debug|Any CPU.Build.0 = Debug|Any CPU
		{53DB81FA-C23D-4721-9579-1B0B5A46C1D2}.Release|Any CPU.ActiveCfg = Release|Any CPU
		{53DB81FA-C23D-4721-9579-1B0B5A46C1D2}.Release|Any CPU.Build.0 = Release|Any CPU
		{72842BDD-495B-472C-9C45-3C6C6D58240C}.Debug|Any CPU.ActiveCfg = Debug|Any CPU
		{72842BDD-495B-472C-9C45-3C6C6D58240C}.Debug|Any CPU.Build.0 = Debug|Any CPU
		{72842BDD-495B-472C-9C45-3C6C6D58240C}.Release|Any CPU.ActiveCfg = Release|Any CPU
		{72842BDD-495B-472C-9C45-3C6C6D58240C}.Release|Any CPU.Build.0 = Release|Any CPU
		{588A5CBC-CCFC-462B-A7A0-D2B0B9D373A1}.Debug|Any CPU.ActiveCfg = Debug|Any CPU
		{588A5CBC-CCFC-462B-A7A0-D2B0B9D373A1}.Debug|Any CPU.Build.0 = Debug|Any CPU
		{588A5CBC-CCFC-462B-A7A0-D2B0B9D373A1}.Release|Any CPU.ActiveCfg = Release|Any CPU
		{588A5CBC-CCFC-462B-A7A0-D2B0B9D373A1}.Release|Any CPU.Build.0 = Release|Any CPU
		{EF5FBA9E-9514-4D3B-939F-117081004883}.Debug|Any CPU.ActiveCfg = Debug|Any CPU
		{EF5FBA9E-9514-4D3B-939F-117081004883}.Debug|Any CPU.Build.0 = Debug|Any CPU
		{EF5FBA9E-9514-4D3B-939F-117081004883}.Release|Any CPU.ActiveCfg = Release|Any CPU
		{EF5FBA9E-9514-4D3B-939F-117081004883}.Release|Any CPU.Build.0 = Release|Any CPU
		{718F958C-6ECB-4A97-A972-CBDFD525E33A}.Debug|Any CPU.ActiveCfg = Debug|Any CPU
		{718F958C-6ECB-4A97-A972-CBDFD525E33A}.Debug|Any CPU.Build.0 = Debug|Any CPU
		{718F958C-6ECB-4A97-A972-CBDFD525E33A}.Release|Any CPU.ActiveCfg = Release|Any CPU
		{718F958C-6ECB-4A97-A972-CBDFD525E33A}.Release|Any CPU.Build.0 = Release|Any CPU
		{9B1CC5BB-52B5-4AC0-BED2-079E06BDD0F9}.Debug|Any CPU.ActiveCfg = Debug|Any CPU
		{9B1CC5BB-52B5-4AC0-BED2-079E06BDD0F9}.Debug|Any CPU.Build.0 = Debug|Any CPU
		{9B1CC5BB-52B5-4AC0-BED2-079E06BDD0F9}.Release|Any CPU.ActiveCfg = Release|Any CPU
		{9B1CC5BB-52B5-4AC0-BED2-079E06BDD0F9}.Release|Any CPU.Build.0 = Release|Any CPU
		{06F65A20-9790-4547-AA8A-6E9F71395B13}.Debug|Any CPU.ActiveCfg = Debug|Any CPU
		{06F65A20-9790-4547-AA8A-6E9F71395B13}.Debug|Any CPU.Build.0 = Debug|Any CPU
		{06F65A20-9790-4547-AA8A-6E9F71395B13}.Release|Any CPU.ActiveCfg = Release|Any CPU
		{06F65A20-9790-4547-AA8A-6E9F71395B13}.Release|Any CPU.Build.0 = Release|Any CPU
		{A5B0D135-981F-45E2-B8B3-9B0FA0D0E78F}.Debug|Any CPU.ActiveCfg = Debug|Any CPU
		{A5B0D135-981F-45E2-B8B3-9B0FA0D0E78F}.Debug|Any CPU.Build.0 = Debug|Any CPU
		{A5B0D135-981F-45E2-B8B3-9B0FA0D0E78F}.Release|Any CPU.ActiveCfg = Release|Any CPU
		{A5B0D135-981F-45E2-B8B3-9B0FA0D0E78F}.Release|Any CPU.Build.0 = Release|Any CPU
		{6EFBD6E9-F58A-43F5-B06C-8C3210C144DD}.Debug|Any CPU.ActiveCfg = Debug|Any CPU
		{6EFBD6E9-F58A-43F5-B06C-8C3210C144DD}.Debug|Any CPU.Build.0 = Debug|Any CPU
		{6EFBD6E9-F58A-43F5-B06C-8C3210C144DD}.Release|Any CPU.ActiveCfg = Release|Any CPU
		{6EFBD6E9-F58A-43F5-B06C-8C3210C144DD}.Release|Any CPU.Build.0 = Release|Any CPU
		{2B123CE5-F1A6-4DAC-BAD4-1347267A2738}.Debug|Any CPU.ActiveCfg = Debug|Any CPU
		{2B123CE5-F1A6-4DAC-BAD4-1347267A2738}.Debug|Any CPU.Build.0 = Debug|Any CPU
		{2B123CE5-F1A6-4DAC-BAD4-1347267A2738}.Release|Any CPU.ActiveCfg = Release|Any CPU
		{2B123CE5-F1A6-4DAC-BAD4-1347267A2738}.Release|Any CPU.Build.0 = Release|Any CPU
		{BB8D3FE8-B624-4A36-9F07-7F99D52C7250}.Debug|Any CPU.ActiveCfg = Debug|Any CPU
		{BB8D3FE8-B624-4A36-9F07-7F99D52C7250}.Debug|Any CPU.Build.0 = Debug|Any CPU
		{BB8D3FE8-B624-4A36-9F07-7F99D52C7250}.Release|Any CPU.ActiveCfg = Release|Any CPU
		{BB8D3FE8-B624-4A36-9F07-7F99D52C7250}.Release|Any CPU.Build.0 = Release|Any CPU
		{6A3517E1-C828-473A-B812-35794020B021}.Debug|Any CPU.ActiveCfg = Debug|Any CPU
		{6A3517E1-C828-473A-B812-35794020B021}.Debug|Any CPU.Build.0 = Debug|Any CPU
		{6A3517E1-C828-473A-B812-35794020B021}.Release|Any CPU.ActiveCfg = Release|Any CPU
		{6A3517E1-C828-473A-B812-35794020B021}.Release|Any CPU.Build.0 = Release|Any CPU
		{4B972920-5A54-474B-B00B-6AF35CA04E42}.Debug|Any CPU.ActiveCfg = Debug|Any CPU
		{4B972920-5A54-474B-B00B-6AF35CA04E42}.Debug|Any CPU.Build.0 = Debug|Any CPU
		{4B972920-5A54-474B-B00B-6AF35CA04E42}.Release|Any CPU.ActiveCfg = Release|Any CPU
		{4B972920-5A54-474B-B00B-6AF35CA04E42}.Release|Any CPU.Build.0 = Release|Any CPU
	EndGlobalSection
	GlobalSection(SolutionProperties) = preSolution
		HideSolutionNode = FALSE
	EndGlobalSection
	GlobalSection(NestedProjects) = preSolution
		{53DB81FA-C23D-4721-9579-1B0B5A46C1D2} = {A52240B9-9E9E-4768-92E2-35CC7F180F12}
		{72842BDD-495B-472C-9C45-3C6C6D58240C} = {A52240B9-9E9E-4768-92E2-35CC7F180F12}
		{588A5CBC-CCFC-462B-A7A0-D2B0B9D373A1} = {5EF04D79-24F7-4CD5-845E-0938217976B0}
		{EF5FBA9E-9514-4D3B-939F-117081004883} = {5EF04D79-24F7-4CD5-845E-0938217976B0}
		{718F958C-6ECB-4A97-A972-CBDFD525E33A} = {5EF04D79-24F7-4CD5-845E-0938217976B0}
		{9B1CC5BB-52B5-4AC0-BED2-079E06BDD0F9} = {5EF04D79-24F7-4CD5-845E-0938217976B0}
		{06F65A20-9790-4547-AA8A-6E9F71395B13} = {F60B456D-30AB-4150-82C2-36D8955887D3}
		{A5B0D135-981F-45E2-B8B3-9B0FA0D0E78F} = {5EF04D79-24F7-4CD5-845E-0938217976B0}
		{6EFBD6E9-F58A-43F5-B06C-8C3210C144DD} = {F60B456D-30AB-4150-82C2-36D8955887D3}
		{2B123CE5-F1A6-4DAC-BAD4-1347267A2738} = {F60B456D-30AB-4150-82C2-36D8955887D3}
		{BB8D3FE8-B624-4A36-9F07-7F99D52C7250} = {A52240B9-9E9E-4768-92E2-35CC7F180F12}
	EndGlobalSection
	GlobalSection(ExtensibilityGlobals) = postSolution
		SolutionGuid = {A565C1B9-4F81-4EDB-A137-BB6F31D986E0}
	EndGlobalSection
EndGlobal
